
Microsoft Visual Studio Solution File, Format Version 12.00
# Visual Studio Version 17
VisualStudioVersion = 17.11.35327.3
MinimumVisualStudioVersion = 10.0.40219.1
Project("{FAE04EC0-301F-11D3-BF4B-00C04F79EFBC}") = "Calendar Control", "Calendar Control.csproj", "{F2E2A832-E0A8-43E2-A77D-5FFA2635593E}"
EndProject
Global
	GlobalSection(SolutionConfigurationPlatforms) = preSolution
		Debug|Any CPU = Debug|Any CPU
		Release|Any CPU = Release|Any CPU
	EndGlobalSection
	GlobalSection(ProjectConfigurationPlatforms) = postSolution
		{F2E2A832-E0A8-43E2-A77D-5FFA2635593E}.Debug|Any CPU.ActiveCfg = Debug|Any CPU
		{F2E2A832-E0A8-43E2-A77D-5FFA2635593E}.Debug|Any CPU.Build.0 = Debug|Any CPU
		{F2E2A832-E0A8-43E2-A77D-5FFA2635593E}.Release|Any CPU.ActiveCfg = Release|Any CPU
		{F2E2A832-E0A8-43E2-A77D-5FFA2635593E}.Release|Any CPU.Build.0 = Release|Any CPU
	EndGlobalSection
	GlobalSection(SolutionProperties) = preSolution
		HideSolutionNode = FALSE
	EndGlobalSection
	GlobalSection(ExtensibilityGlobals) = postSolution
		SolutionGuid = {ECB3417A-75AC-417A-B0F3-7CB1DA212649}
	EndGlobalSection
EndGlobal
